
Microsoft Visual Studio Solution File, Format Version 12.00
# Visual Studio Version 16
VisualStudioVersion = 16.0.30225.117
MinimumVisualStudioVersion = 10.0.40219.1
Project("{FAE04EC0-301F-11D3-BF4B-00C04F79EFBC}") = "ConsoleApp143", "ConsoleApp143\ConsoleApp143.csproj", "{1C3BF2A3-0F80-41F8-A12D-B59E7F8B7ADF}"
EndProject
Global
	GlobalSection(SolutionConfigurationPlatforms) = preSolution
		Debug|Any CPU = Debug|Any CPU
		Release|Any CPU = Release|Any CPU
	EndGlobalSection
	GlobalSection(ProjectConfigurationPlatforms) = postSolution
		{1C3BF2A3-0F80-41F8-A12D-B59E7F8B7ADF}.Debug|Any CPU.ActiveCfg = Debug|Any CPU
		{1C3BF2A3-0F80-41F8-A12D-B59E7F8B7ADF}.Debug|Any CPU.Build.0 = Debug|Any CPU
		{1C3BF2A3-0F80-41F8-A12D-B59E7F8B7ADF}.Release|Any CPU.ActiveCfg = Release|Any CPU
		{1C3BF2A3-0F80-41F8-A12D-B59E7F8B7ADF}.Release|Any CPU.Build.0 = Release|Any CPU
	EndGlobalSection
	GlobalSection(SolutionProperties) = preSolution
		HideSolutionNode = FALSE
	EndGlobalSection
	GlobalSection(ExtensibilityGlobals) = postSolution
		SolutionGuid = {52038723-6373-49F6-91DD-AA88A7010F79}
	EndGlobalSection
EndGlobal
